// !$*UTF8*$!
{
	archiveVersion = 1;
	classes = {
	};
	objectVersion = 50;
	objects = {

/* Begin PBXBuildFile section */
		0E95C77A259D0FD100D751E5 /* AppDelegate.swift in Sources */ = {isa = PBXBuildFile; fileRef = 0E95C779259D0FD100D751E5 /* AppDelegate.swift */; };
		0E95C77C259D0FD100D751E5 /* art.scnassets in Resources */ = {isa = PBXBuildFile; fileRef = 0E95C77B259D0FD100D751E5 /* art.scnassets */; };
		0E95C77E259D0FD100D751E5 /* ViewController.swift in Sources */ = {isa = PBXBuildFile; fileRef = 0E95C77D259D0FD100D751E5 /* ViewController.swift */; };
		0E95C781259D0FD100D751E5 /* Main.storyboard in Resources */ = {isa = PBXBuildFile; fileRef = 0E95C77F259D0FD100D751E5 /* Main.storyboard */; };
		0E95C783259D0FD400D751E5 /* Assets.xcassets in Resources */ = {isa = PBXBuildFile; fileRef = 0E95C782259D0FD400D751E5 /* Assets.xcassets */; };
		0E95C786259D0FD400D751E5 /* LaunchScreen.storyboard in Resources */ = {isa = PBXBuildFile; fileRef = 0E95C784259D0FD400D751E5 /* LaunchScreen.storyboard */; };
		82F791B99CC801AA74D3BCBD /* Pods_MagicPaper.framework in Frameworks */ = {isa = PBXBuildFile; fileRef = 0DE2D6E907DF57425EE4A8CE /* Pods_MagicPaper.framework */; };
/* End PBXBuildFile section */

/* Begin PBXFileReference section */
		0DE2D6E907DF57425EE4A8CE /* Pods_MagicPaper.framework */ = {isa = PBXFileReference; explicitFileType = wrapper.framework; includeInIndex = 0; path = Pods_MagicPaper.framework; sourceTree = BUILT_PRODUCTS_DIR; };
		0E95C776259D0FD100D751E5 /* MagicPaper.app */ = {isa = PBXFileReference; explicitFileType = wrapper.application; includeInIndex = 0; path = MagicPaper.app; sourceTree = BUILT_PRODUCTS_DIR; };
		0E95C779259D0FD100D751E5 /* AppDelegate.swift */ = {isa = PBXFileReference; lastKnownFileType = sourcecode.swift; path = AppDelegate.swift; sourceTree = "<group>"; };
		0E95C77B259D0FD100D751E5 /* art.scnassets */ = {isa = PBXFileReference; lastKnownFileType = wrapper.scnassets; path = art.scnassets; sourceTree = "<group>"; };
		0E95C77D259D0FD100D751E5 /* ViewController.swift */ = {isa = PBXFileReference; lastKnownFileType = sourcecode.swift; path = ViewController.swift; sourceTree = "<group>"; };
		0E95C780259D0FD100D751E5 /* Base */ = {isa = PBXFileReference; lastKnownFileType = file.storyboard; name = Base; path = Base.lproj/Main.storyboard; sourceTree = "<group>"; };
		0E95C782259D0FD400D751E5 /* Assets.xcassets */ = {isa = PBXFileReference; lastKnownFileType = folder.assetcatalog; path = Assets.xcassets; sourceTree = "<group>"; };
		0E95C785259D0FD400D751E5 /* Base */ = {isa = PBXFileReference; lastKnownFileType = file.storyboard; name = Base; path = Base.lproj/LaunchScreen.storyboard; sourceTree = "<group>"; };
		0E95C787259D0FD400D751E5 /* Info.plist */ = {isa = PBXFileReference; lastKnownFileType = text.plist.xml; path = Info.plist; sourceTree = "<group>"; };
		2BFFA9B52AE70D8A5C5EF11B /* Pods-MagicPaper.debug.xcconfig */ = {isa = PBXFileReference; includeInIndex = 1; lastKnownFileType = text.xcconfig; name = "Pods-MagicPaper.debug.xcconfig"; path = "Target Support Files/Pods-MagicPaper/Pods-MagicPaper.debug.xcconfig"; sourceTree = "<group>"; };
		5D70264D1B3761B55B93617D /* Pods-MagicPaper.release.xcconfig */ = {isa = PBXFileReference; includeInIndex = 1; lastKnownFileType = text.xcconfig; name = "Pods-MagicPaper.release.xcconfig"; path = "Target Support Files/Pods-MagicPaper/Pods-MagicPaper.release.xcconfig"; sourceTree = "<group>"; };
/* End PBXFileReference section */

/* Begin PBXFrameworksBuildPhase section */
		0E95C773259D0FD100D751E5 /* Frameworks */ = {
			isa = PBXFrameworksBuildPhase;
			buildActionMask = 2147483647;
			files = (
				82F791B99CC801AA74D3BCBD /* Pods_MagicPaper.framework in Frameworks */,
			);
			runOnlyForDeploymentPostprocessing = 0;
		};
/* End PBXFrameworksBuildPhase section */

/* Begin PBXGroup section */
		0E95C76D259D0FD100D751E5 = {
			isa = PBXGroup;
			children = (
				0E95C778259D0FD100D751E5 /* MagicPaper */,
				0E95C777259D0FD100D751E5 /* Products */,
				C5BBD3CF4326979D26074770 /* Pods */,
				ABBD1DE45A2537877FA54150 /* Frameworks */,
			);
			sourceTree = "<group>";
		};
		0E95C777259D0FD100D751E5 /* Products */ = {
			isa = PBXGroup;
			children = (
				0E95C776259D0FD100D751E5 /* MagicPaper.app */,
			);
			name = Products;
			sourceTree = "<group>";
		};
		0E95C778259D0FD100D751E5 /* MagicPaper */ = {
			isa = PBXGroup;
			children = (
				0E95C779259D0FD100D751E5 /* AppDelegate.swift */,
				0E95C77B259D0FD100D751E5 /* art.scnassets */,
				0E95C77D259D0FD100D751E5 /* ViewController.swift */,
				0E95C77F259D0FD100D751E5 /* Main.storyboard */,
				0E95C782259D0FD400D751E5 /* Assets.xcassets */,
				0E95C784259D0FD400D751E5 /* LaunchScreen.storyboard */,
				0E95C787259D0FD400D751E5 /* Info.plist */,
			);
			path = MagicPaper;
			sourceTree = "<group>";
		};
		ABBD1DE45A2537877FA54150 /* Frameworks */ = {
			isa = PBXGroup;
			children = (
				0DE2D6E907DF57425EE4A8CE /* Pods_MagicPaper.framework */,
			);
			name = Frameworks;
			sourceTree = "<group>";
		};
		C5BBD3CF4326979D26074770 /* Pods */ = {
			isa = PBXGroup;
			children = (
				2BFFA9B52AE70D8A5C5EF11B /* Pods-MagicPaper.debug.xcconfig */,
				5D70264D1B3761B55B93617D /* Pods-MagicPaper.release.xcconfig */,
			);
			name = Pods;
			path = Pods;
			sourceTree = "<group>";
		};
/* End PBXGroup section */

/* Begin PBXNativeTarget section */
		0E95C775259D0FD100D751E5 /* MagicPaper */ = {
			isa = PBXNativeTarget;
			buildConfigurationList = 0E95C78A259D0FD400D751E5 /* Build configuration list for PBXNativeTarget "MagicPaper" */;
			buildPhases = (
				F34392B74242036F6BFFA929 /* [CP] Check Pods Manifest.lock */,
				0E95C772259D0FD100D751E5 /* Sources */,
				0E95C773259D0FD100D751E5 /* Frameworks */,
				0E95C774259D0FD100D751E5 /* Resources */,
				AAD5AA1550CA85EC74F3C713 /* [CP] Embed Pods Frameworks */,
			);
			buildRules = (
			);
			dependencies = (
			);
			name = MagicPaper;
			productName = MagicPaper;
			productReference = 0E95C776259D0FD100D751E5 /* MagicPaper.app */;
			productType = "com.apple.product-type.application";
		};
/* End PBXNativeTarget section */

/* Begin PBXProject section */
		0E95C76E259D0FD100D751E5 /* Project object */ = {
			isa = PBXProject;
			attributes = {
				LastSwiftUpdateCheck = 1230;
				LastUpgradeCheck = 1230;
				TargetAttributes = {
					0E95C775259D0FD100D751E5 = {
						CreatedOnToolsVersion = 12.3;
					};
				};
			};
			buildConfigurationList = 0E95C771259D0FD100D751E5 /* Build configuration list for PBXProject "MagicPaper" */;
			compatibilityVersion = "Xcode 9.3";
			developmentRegion = en;
			hasScannedForEncodings = 0;
			knownRegions = (
				en,
				Base,
			);
			mainGroup = 0E95C76D259D0FD100D751E5;
			productRefGroup = 0E95C777259D0FD100D751E5 /* Products */;
			projectDirPath = "";
			projectRoot = "";
			targets = (
				0E95C775259D0FD100D751E5 /* MagicPaper */,
			);
		};
/* End PBXProject section */

/* Begin PBXResourcesBuildPhase section */
		0E95C774259D0FD100D751E5 /* Resources */ = {
			isa = PBXResourcesBuildPhase;
			buildActionMask = 2147483647;
			files = (
				0E95C77C259D0FD100D751E5 /* art.scnassets in Resources */,
				0E95C786259D0FD400D751E5 /* LaunchScreen.storyboard in Resources */,
				0E95C783259D0FD400D751E5 /* Assets.xcassets in Resources */,
				0E95C781259D0FD100D751E5 /* Main.storyboard in Resources */,
			);
			runOnlyForDeploymentPostprocessing = 0;
		};
/* End PBXResourcesBuildPhase section */

/* Begin PBXShellScriptBuildPhase section */
		AAD5AA1550CA85EC74F3C713 /* [CP] Embed Pods Frameworks */ = {
			isa = PBXShellScriptBuildPhase;
			buildActionMask = 2147483647;
			files = (
			);
			inputFileListPaths = (
				"${PODS_ROOT}/Target Support Files/Pods-MagicPaper/Pods-MagicPaper-frameworks-${CONFIGURATION}-input-files.xcfilelist",
			);
			name = "[CP] Embed Pods Frameworks";
			outputFileListPaths = (
				"${PODS_ROOT}/Target Support Files/Pods-MagicPaper/Pods-MagicPaper-frameworks-${CONFIGURATION}-output-files.xcfilelist",
			);
			runOnlyForDeploymentPostprocessing = 0;
			shellPath = /bin/sh;
			shellScript = "\"${PODS_ROOT}/Target Support Files/Pods-MagicPaper/Pods-MagicPaper-frameworks.sh\"\n";
			showEnvVarsInLog = 0;
		};
		F34392B74242036F6BFFA929 /* [CP] Check Pods Manifest.lock */ = {
			isa = PBXShellScriptBuildPhase;
			buildActionMask = 2147483647;
			files = (
			);
			inputFileListPaths = (
			);
			inputPaths = (
				"${PODS_PODFILE_DIR_PATH}/Podfile.lock",
				"${PODS_ROOT}/Manifest.lock",
			);
			name = "[CP] Check Pods Manifest.lock";
			outputFileListPaths = (
			);
			outputPaths = (
				"$(DERIVED_FILE_DIR)/Pods-MagicPaper-checkManifestLockResult.txt",
			);
			runOnlyForDeploymentPostprocessing = 0;
			shellPath = /bin/sh;
			shellScript = "diff \"${PODS_PODFILE_DIR_PATH}/Podfile.lock\" \"${PODS_ROOT}/Manifest.lock\" > /dev/null\nif [ $? != 0 ] ; then\n    # print error to STDERR\n    echo \"error: The sandbox is not in sync with the Podfile.lock. Run 'pod install' or update your CocoaPods installation.\" >&2\n    exit 1\nfi\n# This output is used by Xcode 'outputs' to avoid re-running this script phase.\necho \"SUCCESS\" > \"${SCRIPT_OUTPUT_FILE_0}\"\n";
			showEnvVarsInLog = 0;
		};
/* End PBXShellScriptBuildPhase section */

/* Begin PBXSourcesBuildPhase section */
		0E95C772259D0FD100D751E5 /* Sources */ = {
			isa = PBXSourcesBuildPhase;
			buildActionMask = 2147483647;
			files = (
				0E95C77E259D0FD100D751E5 /* ViewController.swift in Sources */,
				0E95C77A259D0FD100D751E5 /* AppDelegate.swift in Sources */,
			);
			runOnlyForDeploymentPostprocessing = 0;
		};
/* End PBXSourcesBuildPhase section */

/* Begin PBXVariantGroup section */
		0E95C77F259D0FD100D751E5 /* Main.storyboard */ = {
			isa = PBXVariantGroup;
			children = (
				0E95C780259D0FD100D751E5 /* Base */,
			);
			name = Main.storyboard;
			sourceTree = "<group>";
		};
		0E95C784259D0FD400D751E5 /* LaunchScreen.storyboard */ = {
			isa = PBXVariantGroup;
			children = (
				0E95C785259D0FD400D751E5 /* Base */,
			);
			name = LaunchScreen.storyboard;
			sourceTree = "<group>";
		};
/* End PBXVariantGroup section */

/* Begin XCBuildConfiguration section */
		0E95C788259D0FD400D751E5 /* Debug */ = {
			isa = XCBuildConfiguration;
			buildSettings = {
				ALWAYS_SEARCH_USER_PATHS = NO;
				CLANG_ANALYZER_NONNULL = YES;
				CLANG_ANALYZER_NUMBER_OBJECT_CONVERSION = YES_AGGRESSIVE;
				CLANG_CXX_LANGUAGE_STANDARD = "gnu++14";
				CLANG_CXX_LIBRARY = "libc++";
				CLANG_ENABLE_MODULES = YES;
				CLANG_ENABLE_OBJC_ARC = YES;
				CLANG_ENABLE_OBJC_WEAK = YES;
				CLANG_WARN_BLOCK_CAPTURE_AUTORELEASING = YES;
				CLANG_WARN_BOOL_CONVERSION = YES;
				CLANG_WARN_COMMA = YES;
				CLANG_WARN_CONSTANT_CONVERSION = YES;
				CLANG_WARN_DEPRECATED_OBJC_IMPLEMENTATIONS = YES;
				CLANG_WARN_DIRECT_OBJC_ISA_USAGE = YES_ERROR;
				CLANG_WARN_DOCUMENTATION_COMMENTS = YES;
				CLANG_WARN_EMPTY_BODY = YES;
				CLANG_WARN_ENUM_CONVERSION = YES;
				CLANG_WARN_INFINITE_RECURSION = YES;
				CLANG_WARN_INT_CONVERSION = YES;
				CLANG_WARN_NON_LITERAL_NULL_CONVERSION = YES;
				CLANG_WARN_OBJC_IMPLICIT_RETAIN_SELF = YES;
				CLANG_WARN_OBJC_LITERAL_CONVERSION = YES;
				CLANG_WARN_OBJC_ROOT_CLASS = YES_ERROR;
				CLANG_WARN_QUOTED_INCLUDE_IN_FRAMEWORK_HEADER = YES;
				CLANG_WARN_RANGE_LOOP_ANALYSIS = YES;
				CLANG_WARN_STRICT_PROTOTYPES = YES;
				CLANG_WARN_SUSPICIOUS_MOVE = YES;
				CLANG_WARN_UNGUARDED_AVAILABILITY = YES_AGGRESSIVE;
				CLANG_WARN_UNREACHABLE_CODE = YES;
				CLANG_WARN__DUPLICATE_METHOD_MATCH = YES;
				COPY_PHASE_STRIP = NO;
				DEBUG_INFORMATION_FORMAT = dwarf;
				ENABLE_STRICT_OBJC_MSGSEND = YES;
				ENABLE_TESTABILITY = YES;
				GCC_C_LANGUAGE_STANDARD = gnu11;
				GCC_DYNAMIC_NO_PIC = NO;
				GCC_NO_COMMON_BLOCKS = YES;
				GCC_OPTIMIZATION_LEVEL = 0;
				GCC_PREPROCESSOR_DEFINITIONS = (
					"DEBUG=1",
					"$(inherited)",
				);
				GCC_WARN_64_TO_32_BIT_CONVERSION = YES;
				GCC_WARN_ABOUT_RETURN_TYPE = YES_ERROR;
				GCC_WARN_UNDECLARED_SELECTOR = YES;
				GCC_WARN_UNINITIALIZED_AUTOS = YES_AGGRESSIVE;
				GCC_WARN_UNUSED_FUNCTION = YES;
				GCC_WARN_UNUSED_VARIABLE = YES;
				IPHONEOS_DEPLOYMENT_TARGET = 14.3;
				MTL_ENABLE_DEBUG_INFO = INCLUDE_SOURCE;
				MTL_FAST_MATH = YES;
				ONLY_ACTIVE_ARCH = YES;
				SDKROOT = iphoneos;
				SWIFT_ACTIVE_COMPILATION_CONDITIONS = DEBUG;
				SWIFT_OPTIMIZATION_LEVEL = "-Onone";
			};
			name = Debug;
		};
		0E95C789259D0FD400D751E5 /* Release */ = {
			isa = XCBuildConfiguration;
			buildSettings = {
				ALWAYS_SEARCH_USER_PATHS = NO;
				CLANG_ANALYZER_NONNULL = YES;
				CLANG_ANALYZER_NUMBER_OBJECT_CONVERSION = YES_AGGRESSIVE;
				CLANG_CXX_LANGUAGE_STANDARD = "gnu++14";
				CLANG_CXX_LIBRARY = "libc++";
				CLANG_ENABLE_MODULES = YES;
				CLANG_ENABLE_OBJC_ARC = YES;
				CLANG_ENABLE_OBJC_WEAK = YES;
				CLANG_WARN_BLOCK_CAPTURE_AUTORELEASING = YES;
				CLANG_WARN_BOOL_CONVERSION = YES;
				CLANG_WARN_COMMA = YES;
				CLANG_WARN_CONSTANT_CONVERSION = YES;
				CLANG_WARN_DEPRECATED_OBJC_IMPLEMENTATIONS = YES;
				CLANG_WARN_DIRECT_OBJC_ISA_USAGE = YES_ERROR;
				CLANG_WARN_DOCUMENTATION_COMMENTS = YES;
				CLANG_WARN_EMPTY_BODY = YES;
				CLANG_WARN_ENUM_CONVERSION = YES;
				CLANG_WARN_INFINITE_RECURSION = YES;
				CLANG_WARN_INT_CONVERSION = YES;
				CLANG_WARN_NON_LITERAL_NULL_CONVERSION = YES;
				CLANG_WARN_OBJC_IMPLICIT_RETAIN_SELF = YES;
				CLANG_WARN_OBJC_LITERAL_CONVERSION = YES;
				CLANG_WARN_OBJC_ROOT_CLASS = YES_ERROR;
				CLANG_WARN_QUOTED_INCLUDE_IN_FRAMEWORK_HEADER = YES;
				CLANG_WARN_RANGE_LOOP_ANALYSIS = YES;
				CLANG_WARN_STRICT_PROTOTYPES = YES;
				CLANG_WARN_SUSPICIOUS_MOVE = YES;
				CLANG_WARN_UNGUARDED_AVAILABILITY = YES_AGGRESSIVE;
				CLANG_WARN_UNREACHABLE_CODE = YES;
				CLANG_WARN__DUPLICATE_METHOD_MATCH = YES;
				COPY_PHASE_STRIP = NO;
				DEBUG_INFORMATION_FORMAT = "dwarf-with-dsym";
				ENABLE_NS_ASSERTIONS = NO;
				ENABLE_STRICT_OBJC_MSGSEND = YES;
				GCC_C_LANGUAGE_STANDARD = gnu11;
				GCC_NO_COMMON_BLOCKS = YES;
				GCC_WARN_64_TO_32_BIT_CONVERSION = YES;
				GCC_WARN_ABOUT_RETURN_TYPE = YES_ERROR;
				GCC_WARN_UNDECLARED_SELECTOR = YES;
				GCC_WARN_UNINITIALIZED_AUTOS = YES_AGGRESSIVE;
				GCC_WARN_UNUSED_FUNCTION = YES;
				GCC_WARN_UNUSED_VARIABLE = YES;
				IPHONEOS_DEPLOYMENT_TARGET = 14.3;
				MTL_ENABLE_DEBUG_INFO = NO;
				MTL_FAST_MATH = YES;
				SDKROOT = iphoneos;
				SWIFT_COMPILATION_MODE = wholemodule;
				SWIFT_OPTIMIZATION_LEVEL = "-O";
				VALIDATE_PRODUCT = YES;
			};
			name = Release;
		};
		0E95C78B259D0FD400D751E5 /* Debug */ = {
			isa = XCBuildConfiguration;
			baseConfigurationReference = 2BFFA9B52AE70D8A5C5EF11B /* Pods-MagicPaper.debug.xcconfig */;
			buildSettings = {
				ASSETCATALOG_COMPILER_APPICON_NAME = AppIcon;
				ASSETCATALOG_COMPILER_GLOBAL_ACCENT_COLOR_NAME = AccentColor;
				CODE_SIGN_STYLE = Automatic;
				DEVELOPMENT_TEAM = R6ZP9VXF8B;
				INFOPLIST_FILE = MagicPaper/Info.plist;
				IPHONEOS_DEPLOYMENT_TARGET = 13.0;
				LD_RUNPATH_SEARCH_PATHS = (
					"$(inherited)",
					"@executable_path/Frameworks",
				);
				PRODUCT_BUNDLE_IDENTIFIER = tk.crossassembler.MagicPaper;
				PRODUCT_NAME = "$(TARGET_NAME)";
				SWIFT_VERSION = 5.0;
				TARGETED_DEVICE_FAMILY = "1,2";
			};
			name = Debug;
		};
		0E95C78C259D0FD400D751E5 /* Release */ = {
			isa = XCBuildConfiguration;
			baseConfigurationReference = 5D70264D1B3761B55B93617D /* Pods-MagicPaper.release.xcconfig */;
			buildSettings = {
				ASSETCATALOG_COMPILER_APPICON_NAME = AppIcon;
				ASSETCATALOG_COMPILER_GLOBAL_ACCENT_COLOR_NAME = AccentColor;
				CODE_SIGN_STYLE = Automatic;
				DEVELOPMENT_TEAM = R6ZP9VXF8B;
				INFOPLIST_FILE = MagicPaper/Info.plist;
				IPHONEOS_DEPLOYMENT_TARGET = 13.0;
				LD_RUNPATH_SEARCH_PATHS = (
					"$(inherited)",
					"@executable_path/Frameworks",
				);
				PRODUCT_BUNDLE_IDENTIFIER = tk.crossassembler.MagicPaper;
				PRODUCT_NAME = "$(TARGET_NAME)";
				SWIFT_VERSION = 5.0;
				TARGETED_DEVICE_FAMILY = "1,2";
			};
			name = Release;
		};
/* End XCBuildConfiguration section */

/* Begin XCConfigurationList section */
		0E95C771259D0FD100D751E5 /* Build configuration list for PBXProject "MagicPaper" */ = {
			isa = XCConfigurationList;
			buildConfigurations = (
				0E95C788259D0FD400D751E5 /* Debug */,
				0E95C789259D0FD400D751E5 /* Release */,
			);
			defaultConfigurationIsVisible = 0;
			defaultConfigurationName = Release;
		};
		0E95C78A259D0FD400D751E5 /* Build configuration list for PBXNativeTarget "MagicPaper" */ = {
			isa = XCConfigurationList;
			buildConfigurations = (
				0E95C78B259D0FD400D751E5 /* Debug */,
				0E95C78C259D0FD400D751E5 /* Release */,
			);
			defaultConfigurationIsVisible = 0;
			defaultConfigurationName = Release;
		};
/* End XCConfigurationList section */
	};
	rootObject = 0E95C76E259D0FD100D751E5 /* Project object */;
}
